// !$*UTF8*$!
{
	archiveVersion = 1;
	classes = {
	};
	objectVersion = 56;
	objects = {

/* Begin PBXBuildFile section */
		B5F327BE2B441D8400D3F2F8 /* AppDelegate.swift in Sources */ = {isa = PBXBuildFile; fileRef = B5F327BD2B441D8400D3F2F8 /* AppDelegate.swift */; };
		B5F327C02B441D8400D3F2F8 /* SceneDelegate.swift in Sources */ = {isa = PBXBuildFile; fileRef = B5F327BF2B441D8400D3F2F8 /* SceneDelegate.swift */; };
		B5F327C22B441D8400D3F2F8 /* ViewController.swift in Sources */ = {isa = PBXBuildFile; fileRef = B5F327C12B441D8400D3F2F8 /* ViewController.swift */; };
		B5F327C52B441D8400D3F2F8 /* Main.storyboard in Resources */ = {isa = PBXBuildFile; fileRef = B5F327C32B441D8400D3F2F8 /* Main.storyboard */; };
		B5F327C72B441D8700D3F2F8 /* Assets.xcassets in Resources */ = {isa = PBXBuildFile; fileRef = B5F327C62B441D8700D3F2F8 /* Assets.xcassets */; };
		B5F327CA2B441D8700D3F2F8 /* LaunchScreen.storyboard in Resources */ = {isa = PBXBuildFile; fileRef = B5F327C82B441D8700D3F2F8 /* LaunchScreen.storyboard */; };
		B5F327D52B441D8700D3F2F8 /* ImgurExploreTests.swift in Sources */ = {isa = PBXBuildFile; fileRef = B5F327D42B441D8700D3F2F8 /* ImgurExploreTests.swift */; };
		B5F327DF2B441D8700D3F2F8 /* ImgurExploreUITests.swift in Sources */ = {isa = PBXBuildFile; fileRef = B5F327DE2B441D8700D3F2F8 /* ImgurExploreUITests.swift */; };
		B5F327E12B441D8700D3F2F8 /* ImgurExploreUITestsLaunchTests.swift in Sources */ = {isa = PBXBuildFile; fileRef = B5F327E02B441D8700D3F2F8 /* ImgurExploreUITestsLaunchTests.swift */; };
/* End PBXBuildFile section */

/* Begin PBXContainerItemProxy section */
		B5F327D12B441D8700D3F2F8 /* PBXContainerItemProxy */ = {
			isa = PBXContainerItemProxy;
			containerPortal = B5F327B22B441D8400D3F2F8 /* Project object */;
			proxyType = 1;
			remoteGlobalIDString = B5F327B92B441D8400D3F2F8;
			remoteInfo = ImgurExplore;
		};
		B5F327DB2B441D8700D3F2F8 /* PBXContainerItemProxy */ = {
			isa = PBXContainerItemProxy;
			containerPortal = B5F327B22B441D8400D3F2F8 /* Project object */;
			proxyType = 1;
			remoteGlobalIDString = B5F327B92B441D8400D3F2F8;
			remoteInfo = ImgurExplore;
		};
/* End PBXContainerItemProxy section */

/* Begin PBXFileReference section */
		B5F327BA2B441D8400D3F2F8 /* ImgurExplore.app */ = {isa = PBXFileReference; explicitFileType = wrapper.application; includeInIndex = 0; path = ImgurExplore.app; sourceTree = BUILT_PRODUCTS_DIR; };
		B5F327BD2B441D8400D3F2F8 /* AppDelegate.swift */ = {isa = PBXFileReference; lastKnownFileType = sourcecode.swift; path = AppDelegate.swift; sourceTree = "<group>"; };
		B5F327BF2B441D8400D3F2F8 /* SceneDelegate.swift */ = {isa = PBXFileReference; lastKnownFileType = sourcecode.swift; path = SceneDelegate.swift; sourceTree = "<group>"; };
		B5F327C12B441D8400D3F2F8 /* ViewController.swift */ = {isa = PBXFileReference; lastKnownFileType = sourcecode.swift; path = ViewController.swift; sourceTree = "<group>"; };
		B5F327C42B441D8400D3F2F8 /* Base */ = {isa = PBXFileReference; lastKnownFileType = file.storyboard; name = Base; path = Base.lproj/Main.storyboard; sourceTree = "<group>"; };
		B5F327C62B441D8700D3F2F8 /* Assets.xcassets */ = {isa = PBXFileReference; lastKnownFileType = folder.assetcatalog; path = Assets.xcassets; sourceTree = "<group>"; };
		B5F327C92B441D8700D3F2F8 /* Base */ = {isa = PBXFileReference; lastKnownFileType = file.storyboard; name = Base; path = Base.lproj/LaunchScreen.storyboard; sourceTree = "<group>"; };
		B5F327CB2B441D8700D3F2F8 /* Info.plist */ = {isa = PBXFileReference; lastKnownFileType = text.plist.xml; path = Info.plist; sourceTree = "<group>"; };
		B5F327D02B441D8700D3F2F8 /* ImgurExploreTests.xctest */ = {isa = PBXFileReference; explicitFileType = wrapper.cfbundle; includeInIndex = 0; path = ImgurExploreTests.xctest; sourceTree = BUILT_PRODUCTS_DIR; };
		B5F327D42B441D8700D3F2F8 /* ImgurExploreTests.swift */ = {isa = PBXFileReference; lastKnownFileType = sourcecode.swift; path = ImgurExploreTests.swift; sourceTree = "<group>"; };
		B5F327DA2B441D8700D3F2F8 /* ImgurExploreUITests.xctest */ = {isa = PBXFileReference; explicitFileType = wrapper.cfbundle; includeInIndex = 0; path = ImgurExploreUITests.xctest; sourceTree = BUILT_PRODUCTS_DIR; };
		B5F327DE2B441D8700D3F2F8 /* ImgurExploreUITests.swift */ = {isa = PBXFileReference; lastKnownFileType = sourcecode.swift; path = ImgurExploreUITests.swift; sourceTree = "<group>"; };
		B5F327E02B441D8700D3F2F8 /* ImgurExploreUITestsLaunchTests.swift */ = {isa = PBXFileReference; lastKnownFileType = sourcecode.swift; path = ImgurExploreUITestsLaunchTests.swift; sourceTree = "<group>"; };
/* End PBXFileReference section */

/* Begin PBXFrameworksBuildPhase section */
		B5F327B72B441D8400D3F2F8 /* Frameworks */ = {
			isa = PBXFrameworksBuildPhase;
			buildActionMask = 2147483647;
			files = (
			);
			runOnlyForDeploymentPostprocessing = 0;
		};
		B5F327CD2B441D8700D3F2F8 /* Frameworks */ = {
			isa = PBXFrameworksBuildPhase;
			buildActionMask = 2147483647;
			files = (
			);
			runOnlyForDeploymentPostprocessing = 0;
		};
		B5F327D72B441D8700D3F2F8 /* Frameworks */ = {
			isa = PBXFrameworksBuildPhase;
			buildActionMask = 2147483647;
			files = (
			);
			runOnlyForDeploymentPostprocessing = 0;
		};
/* End PBXFrameworksBuildPhase section */

/* Begin PBXGroup section */
		B5F327B12B441D8400D3F2F8 = {
			isa = PBXGroup;
			children = (
				B5F327BC2B441D8400D3F2F8 /* ImgurExplore */,
				B5F327D32B441D8700D3F2F8 /* ImgurExploreTests */,
				B5F327DD2B441D8700D3F2F8 /* ImgurExploreUITests */,
				B5F327BB2B441D8400D3F2F8 /* Products */,
			);
			sourceTree = "<group>";
		};
		B5F327BB2B441D8400D3F2F8 /* Products */ = {
			isa = PBXGroup;
			children = (
				B5F327BA2B441D8400D3F2F8 /* ImgurExplore.app */,
				B5F327D02B441D8700D3F2F8 /* ImgurExploreTests.xctest */,
				B5F327DA2B441D8700D3F2F8 /* ImgurExploreUITests.xctest */,
			);
			name = Products;
			sourceTree = "<group>";
		};
		B5F327BC2B441D8400D3F2F8 /* ImgurExplore */ = {
			isa = PBXGroup;
			children = (
				B5F327BD2B441D8400D3F2F8 /* AppDelegate.swift */,
				B5F327BF2B441D8400D3F2F8 /* SceneDelegate.swift */,
				B5F327C12B441D8400D3F2F8 /* ViewController.swift */,
				B5F327C32B441D8400D3F2F8 /* Main.storyboard */,
				B5F327C62B441D8700D3F2F8 /* Assets.xcassets */,
				B5F327C82B441D8700D3F2F8 /* LaunchScreen.storyboard */,
				B5F327CB2B441D8700D3F2F8 /* Info.plist */,
			);
			path = ImgurExplore;
			sourceTree = "<group>";
		};
		B5F327D32B441D8700D3F2F8 /* ImgurExploreTests */ = {
			isa = PBXGroup;
			children = (
				B5F327D42B441D8700D3F2F8 /* ImgurExploreTests.swift */,
			);
			path = ImgurExploreTests;
			sourceTree = "<group>";
		};
		B5F327DD2B441D8700D3F2F8 /* ImgurExploreUITests */ = {
			isa = PBXGroup;
			children = (
				B5F327DE2B441D8700D3F2F8 /* ImgurExploreUITests.swift */,
				B5F327E02B441D8700D3F2F8 /* ImgurExploreUITestsLaunchTests.swift */,
			);
			path = ImgurExploreUITests;
			sourceTree = "<group>";
		};
/* End PBXGroup section */

/* Begin PBXNativeTarget section */
		B5F327B92B441D8400D3F2F8 /* ImgurExplore */ = {
			isa = PBXNativeTarget;
			buildConfigurationList = B5F327E42B441D8700D3F2F8 /* Build configuration list for PBXNativeTarget "ImgurExplore" */;
			buildPhases = (
				B5F327B62B441D8400D3F2F8 /* Sources */,
				B5F327B72B441D8400D3F2F8 /* Frameworks */,
				B5F327B82B441D8400D3F2F8 /* Resources */,
			);
			buildRules = (
			);
			dependencies = (
			);
			name = ImgurExplore;
			productName = ImgurExplore;
			productReference = B5F327BA2B441D8400D3F2F8 /* ImgurExplore.app */;
			productType = "com.apple.product-type.application";
		};
		B5F327CF2B441D8700D3F2F8 /* ImgurExploreTests */ = {
			isa = PBXNativeTarget;
			buildConfigurationList = B5F327E72B441D8700D3F2F8 /* Build configuration list for PBXNativeTarget "ImgurExploreTests" */;
			buildPhases = (
				B5F327CC2B441D8700D3F2F8 /* Sources */,
				B5F327CD2B441D8700D3F2F8 /* Frameworks */,
				B5F327CE2B441D8700D3F2F8 /* Resources */,
			);
			buildRules = (
			);
			dependencies = (
				B5F327D22B441D8700D3F2F8 /* PBXTargetDependency */,
			);
			name = ImgurExploreTests;
			productName = ImgurExploreTests;
			productReference = B5F327D02B441D8700D3F2F8 /* ImgurExploreTests.xctest */;
			productType = "com.apple.product-type.bundle.unit-test";
		};
		B5F327D92B441D8700D3F2F8 /* ImgurExploreUITests */ = {
			isa = PBXNativeTarget;
			buildConfigurationList = B5F327EA2B441D8700D3F2F8 /* Build configuration list for PBXNativeTarget "ImgurExploreUITests" */;
			buildPhases = (
				B5F327D62B441D8700D3F2F8 /* Sources */,
				B5F327D72B441D8700D3F2F8 /* Frameworks */,
				B5F327D82B441D8700D3F2F8 /* Resources */,
			);
			buildRules = (
			);
			dependencies = (
				B5F327DC2B441D8700D3F2F8 /* PBXTargetDependency */,
			);
			name = ImgurExploreUITests;
			productName = ImgurExploreUITests;
			productReference = B5F327DA2B441D8700D3F2F8 /* ImgurExploreUITests.xctest */;
			productType = "com.apple.product-type.bundle.ui-testing";
		};
/* End PBXNativeTarget section */

/* Begin PBXProject section */
		B5F327B22B441D8400D3F2F8 /* Project object */ = {
			isa = PBXProject;
			attributes = {
				BuildIndependentTargetsInParallel = 1;
				LastSwiftUpdateCheck = 1510;
				LastUpgradeCheck = 1510;
				TargetAttributes = {
					B5F327B92B441D8400D3F2F8 = {
						CreatedOnToolsVersion = 15.1;
					};
					B5F327CF2B441D8700D3F2F8 = {
						CreatedOnToolsVersion = 15.1;
						TestTargetID = B5F327B92B441D8400D3F2F8;
					};
					B5F327D92B441D8700D3F2F8 = {
						CreatedOnToolsVersion = 15.1;
						TestTargetID = B5F327B92B441D8400D3F2F8;
					};
				};
			};
			buildConfigurationList = B5F327B52B441D8400D3F2F8 /* Build configuration list for PBXProject "ImgurExplore" */;
			compatibilityVersion = "Xcode 14.0";
			developmentRegion = en;
			hasScannedForEncodings = 0;
			knownRegions = (
				en,
				Base,
			);
			mainGroup = B5F327B12B441D8400D3F2F8;
			productRefGroup = B5F327BB2B441D8400D3F2F8 /* Products */;
			projectDirPath = "";
			projectRoot = "";
			targets = (
				B5F327B92B441D8400D3F2F8 /* ImgurExplore */,
				B5F327CF2B441D8700D3F2F8 /* ImgurExploreTests */,
				B5F327D92B441D8700D3F2F8 /* ImgurExploreUITests */,
			);
		};
/* End PBXProject section */

/* Begin PBXResourcesBuildPhase section */
		B5F327B82B441D8400D3F2F8 /* Resources */ = {
			isa = PBXResourcesBuildPhase;
			buildActionMask = 2147483647;
			files = (
				B5F327CA2B441D8700D3F2F8 /* LaunchScreen.storyboard in Resources */,
				B5F327C72B441D8700D3F2F8 /* Assets.xcassets in Resources */,
				B5F327C52B441D8400D3F2F8 /* Main.storyboard in Resources */,
			);
			runOnlyForDeploymentPostprocessing = 0;
		};
		B5F327CE2B441D8700D3F2F8 /* Resources */ = {
			isa = PBXResourcesBuildPhase;
			buildActionMask = 2147483647;
			files = (
			);
			runOnlyForDeploymentPostprocessing = 0;
		};
		B5F327D82B441D8700D3F2F8 /* Resources */ = {
			isa = PBXResourcesBuildPhase;
			buildActionMask = 2147483647;
			files = (
			);
			runOnlyForDeploymentPostprocessing = 0;
		};
/* End PBXResourcesBuildPhase section */

/* Begin PBXSourcesBuildPhase section */
		B5F327B62B441D8400D3F2F8 /* Sources */ = {
			isa = PBXSourcesBuildPhase;
			buildActionMask = 2147483647;
			files = (
				B5F327C22B441D8400D3F2F8 /* ViewController.swift in Sources */,
				B5F327BE2B441D8400D3F2F8 /* AppDelegate.swift in Sources */,
				B5F327C02B441D8400D3F2F8 /* SceneDelegate.swift in Sources */,
			);
			runOnlyForDeploymentPostprocessing = 0;
		};
		B5F327CC2B441D8700D3F2F8 /* Sources */ = {
			isa = PBXSourcesBuildPhase;
			buildActionMask = 2147483647;
			files = (
				B5F327D52B441D8700D3F2F8 /* ImgurExploreTests.swift in Sources */,
			);
			runOnlyForDeploymentPostprocessing = 0;
		};
		B5F327D62B441D8700D3F2F8 /* Sources */ = {
			isa = PBXSourcesBuildPhase;
			buildActionMask = 2147483647;
			files = (
				B5F327DF2B441D8700D3F2F8 /* ImgurExploreUITests.swift in Sources */,
				B5F327E12B441D8700D3F2F8 /* ImgurExploreUITestsLaunchTests.swift in Sources */,
			);
			runOnlyForDeploymentPostprocessing = 0;
		};
/* End PBXSourcesBuildPhase section */

/* Begin PBXTargetDependency section */
		B5F327D22B441D8700D3F2F8 /* PBXTargetDependency */ = {
			isa = PBXTargetDependency;
			target = B5F327B92B441D8400D3F2F8 /* ImgurExplore */;
			targetProxy = B5F327D12B441D8700D3F2F8 /* PBXContainerItemProxy */;
		};
		B5F327DC2B441D8700D3F2F8 /* PBXTargetDependency */ = {
			isa = PBXTargetDependency;
			target = B5F327B92B441D8400D3F2F8 /* ImgurExplore */;
			targetProxy = B5F327DB2B441D8700D3F2F8 /* PBXContainerItemProxy */;
		};
/* End PBXTargetDependency section */

/* Begin PBXVariantGroup section */
		B5F327C32B441D8400D3F2F8 /* Main.storyboard */ = {
			isa = PBXVariantGroup;
			children = (
				B5F327C42B441D8400D3F2F8 /* Base */,
			);
			name = Main.storyboard;
			sourceTree = "<group>";
		};
		B5F327C82B441D8700D3F2F8 /* LaunchScreen.storyboard */ = {
			isa = PBXVariantGroup;
			children = (
				B5F327C92B441D8700D3F2F8 /* Base */,
			);
			name = LaunchScreen.storyboard;
			sourceTree = "<group>";
		};
/* End PBXVariantGroup section */

/* Begin XCBuildConfiguration section */
		B5F327E22B441D8700D3F2F8 /* Debug */ = {
			isa = XCBuildConfiguration;
			buildSettings = {
				ALWAYS_SEARCH_USER_PATHS = NO;
				ASSETCATALOG_COMPILER_GENERATE_SWIFT_ASSET_SYMBOL_EXTENSIONS = YES;
				CLANG_ANALYZER_NONNULL = YES;
				CLANG_ANALYZER_NUMBER_OBJECT_CONVERSION = YES_AGGRESSIVE;
				CLANG_CXX_LANGUAGE_STANDARD = "gnu++20";
				CLANG_ENABLE_MODULES = YES;
				CLANG_ENABLE_OBJC_ARC = YES;
				CLANG_ENABLE_OBJC_WEAK = YES;
				CLANG_WARN_BLOCK_CAPTURE_AUTORELEASING = YES;
				CLANG_WARN_BOOL_CONVERSION = YES;
				CLANG_WARN_COMMA = YES;
				CLANG_WARN_CONSTANT_CONVERSION = YES;
				CLANG_WARN_DEPRECATED_OBJC_IMPLEMENTATIONS = YES;
				CLANG_WARN_DIRECT_OBJC_ISA_USAGE = YES_ERROR;
				CLANG_WARN_DOCUMENTATION_COMMENTS = YES;
				CLANG_WARN_EMPTY_BODY = YES;
				CLANG_WARN_ENUM_CONVERSION = YES;
				CLANG_WARN_INFINITE_RECURSION = YES;
				CLANG_WARN_INT_CONVERSION = YES;
				CLANG_WARN_NON_LITERAL_NULL_CONVERSION = YES;
				CLANG_WARN_OBJC_IMPLICIT_RETAIN_SELF = YES;
				CLANG_WARN_OBJC_LITERAL_CONVERSION = YES;
				CLANG_WARN_OBJC_ROOT_CLASS = YES_ERROR;
				CLANG_WARN_QUOTED_INCLUDE_IN_FRAMEWORK_HEADER = YES;
				CLANG_WARN_RANGE_LOOP_ANALYSIS = YES;
				CLANG_WARN_STRICT_PROTOTYPES = YES;
				CLANG_WARN_SUSPICIOUS_MOVE = YES;
				CLANG_WARN_UNGUARDED_AVAILABILITY = YES_AGGRESSIVE;
				CLANG_WARN_UNREACHABLE_CODE = YES;
				CLANG_WARN__DUPLICATE_METHOD_MATCH = YES;
				COPY_PHASE_STRIP = NO;
				DEBUG_INFORMATION_FORMAT = dwarf;
				ENABLE_STRICT_OBJC_MSGSEND = YES;
				ENABLE_TESTABILITY = YES;
				ENABLE_USER_SCRIPT_SANDBOXING = YES;
				GCC_C_LANGUAGE_STANDARD = gnu17;
				GCC_DYNAMIC_NO_PIC = NO;
				GCC_NO_COMMON_BLOCKS = YES;
				GCC_OPTIMIZATION_LEVEL = 0;
				GCC_PREPROCESSOR_DEFINITIONS = (
					"DEBUG=1",
					"$(inherited)",
				);
				GCC_WARN_64_TO_32_BIT_CONVERSION = YES;
				GCC_WARN_ABOUT_RETURN_TYPE = YES_ERROR;
				GCC_WARN_UNDECLARED_SELECTOR = YES;
				GCC_WARN_UNINITIALIZED_AUTOS = YES_AGGRESSIVE;
				GCC_WARN_UNUSED_FUNCTION = YES;
				GCC_WARN_UNUSED_VARIABLE = YES;
				IPHONEOS_DEPLOYMENT_TARGET = 17.2;
				LOCALIZATION_PREFERS_STRING_CATALOGS = YES;
				MTL_ENABLE_DEBUG_INFO = INCLUDE_SOURCE;
				MTL_FAST_MATH = YES;
				ONLY_ACTIVE_ARCH = YES;
				SDKROOT = iphoneos;
				SWIFT_ACTIVE_COMPILATION_CONDITIONS = "DEBUG $(inherited)";
				SWIFT_OPTIMIZATION_LEVEL = "-Onone";
			};
			name = Debug;
		};
		B5F327E32B441D8700D3F2F8 /* Release */ = {
			isa = XCBuildConfiguration;
			buildSettings = {
				ALWAYS_SEARCH_USER_PATHS = NO;
				ASSETCATALOG_COMPILER_GENERATE_SWIFT_ASSET_SYMBOL_EXTENSIONS = YES;
				CLANG_ANALYZER_NONNULL = YES;
				CLANG_ANALYZER_NUMBER_OBJECT_CONVERSION = YES_AGGRESSIVE;
				CLANG_CXX_LANGUAGE_STANDARD = "gnu++20";
				CLANG_ENABLE_MODULES = YES;
				CLANG_ENABLE_OBJC_ARC = YES;
				CLANG_ENABLE_OBJC_WEAK = YES;
				CLANG_WARN_BLOCK_CAPTURE_AUTORELEASING = YES;
				CLANG_WARN_BOOL_CONVERSION = YES;
				CLANG_WARN_COMMA = YES;
				CLANG_WARN_CONSTANT_CONVERSION = YES;
				CLANG_WARN_DEPRECATED_OBJC_IMPLEMENTATIONS = YES;
				CLANG_WARN_DIRECT_OBJC_ISA_USAGE = YES_ERROR;
				CLANG_WARN_DOCUMENTATION_COMMENTS = YES;
				CLANG_WARN_EMPTY_BODY = YES;
				CLANG_WARN_ENUM_CONVERSION = YES;
				CLANG_WARN_INFINITE_RECURSION = YES;
				CLANG_WARN_INT_CONVERSION = YES;
				CLANG_WARN_NON_LITERAL_NULL_CONVERSION = YES;
				CLANG_WARN_OBJC_IMPLICIT_RETAIN_SELF = YES;
				CLANG_WARN_OBJC_LITERAL_CONVERSION = YES;
				CLANG_WARN_OBJC_ROOT_CLASS = YES_ERROR;
				CLANG_WARN_QUOTED_INCLUDE_IN_FRAMEWORK_HEADER = YES;
				CLANG_WARN_RANGE_LOOP_ANALYSIS = YES;
				CLANG_WARN_STRICT_PROTOTYPES = YES;
				CLANG_WARN_SUSPICIOUS_MOVE = YES;
				CLANG_WARN_UNGUARDED_AVAILABILITY = YES_AGGRESSIVE;
				CLANG_WARN_UNREACHABLE_CODE = YES;
				CLANG_WARN__DUPLICATE_METHOD_MATCH = YES;
				COPY_PHASE_STRIP = NO;
				DEBUG_INFORMATION_FORMAT = "dwarf-with-dsym";
				ENABLE_NS_ASSERTIONS = NO;
				ENABLE_STRICT_OBJC_MSGSEND = YES;
				ENABLE_USER_SCRIPT_SANDBOXING = YES;
				GCC_C_LANGUAGE_STANDARD = gnu17;
				GCC_NO_COMMON_BLOCKS = YES;
				GCC_WARN_64_TO_32_BIT_CONVERSION = YES;
				GCC_WARN_ABOUT_RETURN_TYPE = YES_ERROR;
				GCC_WARN_UNDECLARED_SELECTOR = YES;
				GCC_WARN_UNINITIALIZED_AUTOS = YES_AGGRESSIVE;
				GCC_WARN_UNUSED_FUNCTION = YES;
				GCC_WARN_UNUSED_VARIABLE = YES;
				IPHONEOS_DEPLOYMENT_TARGET = 17.2;
				LOCALIZATION_PREFERS_STRING_CATALOGS = YES;
				MTL_ENABLE_DEBUG_INFO = NO;
				MTL_FAST_MATH = YES;
				SDKROOT = iphoneos;
				SWIFT_COMPILATION_MODE = wholemodule;
				VALIDATE_PRODUCT = YES;
			};
			name = Release;
		};
		B5F327E52B441D8700D3F2F8 /* Debug */ = {
			isa = XCBuildConfiguration;
			buildSettings = {
				ASSETCATALOG_COMPILER_APPICON_NAME = AppIcon;
				ASSETCATALOG_COMPILER_GLOBAL_ACCENT_COLOR_NAME = AccentColor;
				CODE_SIGN_STYLE = Automatic;
				CURRENT_PROJECT_VERSION = 1;
				DEVELOPMENT_TEAM = 4Y8B6F34DZ;
				GENERATE_INFOPLIST_FILE = YES;
				INFOPLIST_FILE = ImgurExplore/Info.plist;
				INFOPLIST_KEY_UIApplicationSupportsIndirectInputEvents = YES;
				INFOPLIST_KEY_UILaunchStoryboardName = LaunchScreen;
				INFOPLIST_KEY_UIMainStoryboardFile = Main;
				INFOPLIST_KEY_UISupportedInterfaceOrientations_iPad = "UIInterfaceOrientationPortrait UIInterfaceOrientationPortraitUpsideDown UIInterfaceOrientationLandscapeLeft UIInterfaceOrientationLandscapeRight";
				INFOPLIST_KEY_UISupportedInterfaceOrientations_iPhone = "UIInterfaceOrientationPortrait UIInterfaceOrientationLandscapeLeft UIInterfaceOrientationLandscapeRight";
				LD_RUNPATH_SEARCH_PATHS = (
					"$(inherited)",
					"@executable_path/Frameworks",
				);
				MARKETING_VERSION = 1.0;
				PRODUCT_BUNDLE_IDENTIFIER = com.ajitsatarkar.ImgurExplore;
				PRODUCT_NAME = "$(TARGET_NAME)";
				SWIFT_EMIT_LOC_STRINGS = YES;
				SWIFT_VERSION = 5.0;
				TARGETED_DEVICE_FAMILY = "1,2";
			};
			name = Debug;
		};
		B5F327E62B441D8700D3F2F8 /* Release */ = {
			isa = XCBuildConfiguration;
			buildSettings = {
				ASSETCATALOG_COMPILER_APPICON_NAME = AppIcon;
				ASSETCATALOG_COMPILER_GLOBAL_ACCENT_COLOR_NAME = AccentColor;
				CODE_SIGN_STYLE = Automatic;
				CURRENT_PROJECT_VERSION = 1;
				DEVELOPMENT_TEAM = 4Y8B6F34DZ;
				GENERATE_INFOPLIST_FILE = YES;
				INFOPLIST_FILE = ImgurExplore/Info.plist;
				INFOPLIST_KEY_UIApplicationSupportsIndirectInputEvents = YES;
				INFOPLIST_KEY_UILaunchStoryboardName = LaunchScreen;
				INFOPLIST_KEY_UIMainStoryboardFile = Main;
				INFOPLIST_KEY_UISupportedInterfaceOrientations_iPad = "UIInterfaceOrientationPortrait UIInterfaceOrientationPortraitUpsideDown UIInterfaceOrientationLandscapeLeft UIInterfaceOrientationLandscapeRight";
				INFOPLIST_KEY_UISupportedInterfaceOrientations_iPhone = "UIInterfaceOrientationPortrait UIInterfaceOrientationLandscapeLeft UIInterfaceOrientationLandscapeRight";
				LD_RUNPATH_SEARCH_PATHS = (
					"$(inherited)",
					"@executable_path/Frameworks",
				);
				MARKETING_VERSION = 1.0;
				PRODUCT_BUNDLE_IDENTIFIER = com.ajitsatarkar.ImgurExplore;
				PRODUCT_NAME = "$(TARGET_NAME)";
				SWIFT_EMIT_LOC_STRINGS = YES;
				SWIFT_VERSION = 5.0;
				TARGETED_DEVICE_FAMILY = "1,2";
			};
			name = Release;
		};
		B5F327E82B441D8700D3F2F8 /* Debug */ = {
			isa = XCBuildConfiguration;
			buildSettings = {
				ALWAYS_EMBED_SWIFT_STANDARD_LIBRARIES = YES;
				BUNDLE_LOADER = "$(TEST_HOST)";
				CODE_SIGN_STYLE = Automatic;
				CURRENT_PROJECT_VERSION = 1;
				DEVELOPMENT_TEAM = 4Y8B6F34DZ;
				GENERATE_INFOPLIST_FILE = YES;
				IPHONEOS_DEPLOYMENT_TARGET = 17.2;
				MARKETING_VERSION = 1.0;
				PRODUCT_BUNDLE_IDENTIFIER = com.ajitsatarkar.ImgurExploreTests;
				PRODUCT_NAME = "$(TARGET_NAME)";
				SWIFT_EMIT_LOC_STRINGS = NO;
				SWIFT_VERSION = 5.0;
				TARGETED_DEVICE_FAMILY = "1,2";
				TEST_HOST = "$(BUILT_PRODUCTS_DIR)/ImgurExplore.app/$(BUNDLE_EXECUTABLE_FOLDER_PATH)/ImgurExplore";
			};
			name = Debug;
		};
		B5F327E92B441D8700D3F2F8 /* Release */ = {
			isa = XCBuildConfiguration;
			buildSettings = {
				ALWAYS_EMBED_SWIFT_STANDARD_LIBRARIES = YES;
				BUNDLE_LOADER = "$(TEST_HOST)";
				CODE_SIGN_STYLE = Automatic;
				CURRENT_PROJECT_VERSION = 1;
				DEVELOPMENT_TEAM = 4Y8B6F34DZ;
				GENERATE_INFOPLIST_FILE = YES;
				IPHONEOS_DEPLOYMENT_TARGET = 17.2;
				MARKETING_VERSION = 1.0;
				PRODUCT_BUNDLE_IDENTIFIER = com.ajitsatarkar.ImgurExploreTests;
				PRODUCT_NAME = "$(TARGET_NAME)";
				SWIFT_EMIT_LOC_STRINGS = NO;
				SWIFT_VERSION = 5.0;
				TARGETED_DEVICE_FAMILY = "1,2";
				TEST_HOST = "$(BUILT_PRODUCTS_DIR)/ImgurExplore.app/$(BUNDLE_EXECUTABLE_FOLDER_PATH)/ImgurExplore";
			};
			name = Release;
		};
		B5F327EB2B441D8700D3F2F8 /* Debug */ = {
			isa = XCBuildConfiguration;
			buildSettings = {
				ALWAYS_EMBED_SWIFT_STANDARD_LIBRARIES = YES;
				CODE_SIGN_STYLE = Automatic;
				CURRENT_PROJECT_VERSION = 1;
				DEVELOPMENT_TEAM = 4Y8B6F34DZ;
				GENERATE_INFOPLIST_FILE = YES;
				MARKETING_VERSION = 1.0;
				PRODUCT_BUNDLE_IDENTIFIER = com.ajitsatarkar.ImgurExploreUITests;
				PRODUCT_NAME = "$(TARGET_NAME)";
				SWIFT_EMIT_LOC_STRINGS = NO;
				SWIFT_VERSION = 5.0;
				TARGETED_DEVICE_FAMILY = "1,2";
				TEST_TARGET_NAME = ImgurExplore;
			};
			name = Debug;
		};
		B5F327EC2B441D8700D3F2F8 /* Release */ = {
			isa = XCBuildConfiguration;
			buildSettings = {
				ALWAYS_EMBED_SWIFT_STANDARD_LIBRARIES = YES;
				CODE_SIGN_STYLE = Automatic;
				CURRENT_PROJECT_VERSION = 1;
				DEVELOPMENT_TEAM = 4Y8B6F34DZ;
				GENERATE_INFOPLIST_FILE = YES;
				MARKETING_VERSION = 1.0;
				PRODUCT_BUNDLE_IDENTIFIER = com.ajitsatarkar.ImgurExploreUITests;
				PRODUCT_NAME = "$(TARGET_NAME)";
				SWIFT_EMIT_LOC_STRINGS = NO;
				SWIFT_VERSION = 5.0;
				TARGETED_DEVICE_FAMILY = "1,2";
				TEST_TARGET_NAME = ImgurExplore;
			};
			name = Release;
		};
/* End XCBuildConfiguration section */

/* Begin XCConfigurationList section */
		B5F327B52B441D8400D3F2F8 /* Build configuration list for PBXProject "ImgurExplore" */ = {
			isa = XCConfigurationList;
			buildConfigurations = (
				B5F327E22B441D8700D3F2F8 /* Debug */,
				B5F327E32B441D8700D3F2F8 /* Release */,
			);
			defaultConfigurationIsVisible = 0;
			defaultConfigurationName = Release;
		};
		B5F327E42B441D8700D3F2F8 /* Build configuration list for PBXNativeTarget "ImgurExplore" */ = {
			isa = XCConfigurationList;
			buildConfigurations = (
				B5F327E52B441D8700D3F2F8 /* Debug */,
				B5F327E62B441D8700D3F2F8 /* Release */,
			);
			defaultConfigurationIsVisible = 0;
			defaultConfigurationName = Release;
		};
		B5F327E72B441D8700D3F2F8 /* Build configuration list for PBXNativeTarget "ImgurExploreTests" */ = {
			isa = XCConfigurationList;
			buildConfigurations = (
				B5F327E82B441D8700D3F2F8 /* Debug */,
				B5F327E92B441D8700D3F2F8 /* Release */,
			);
			defaultConfigurationIsVisible = 0;
			defaultConfigurationName = Release;
		};
		B5F327EA2B441D8700D3F2F8 /* Build configuration list for PBXNativeTarget "ImgurExploreUITests" */ = {
			isa = XCConfigurationList;
			buildConfigurations = (
				B5F327EB2B441D8700D3F2F8 /* Debug */,
				B5F327EC2B441D8700D3F2F8 /* Release */,
			);
			defaultConfigurationIsVisible = 0;
			defaultConfigurationName = Release;
		};
/* End XCConfigurationList section */
	};
	rootObject = B5F327B22B441D8400D3F2F8 /* Project object */;
}
